
Microsoft Visual Studio Solution File, Format Version 12.00
# Visual Studio Version 16
VisualStudioVersion = 16.0.31702.278
MinimumVisualStudioVersion = 10.0.40219.1
Project("{FAE04EC0-301F-11D3-BF4B-00C04F79EFBC}") = "TcxHRViewer", "TcxHRViewer\TcxHRViewer.csproj", "{EE9BEE35-00CC-48E3-BDE6-B9206F344602}"
EndProject
Global
	GlobalSection(SolutionConfigurationPlatforms) = preSolution
		Debug|Any CPU = Debug|Any CPU
		Release|Any CPU = Release|Any CPU
	EndGlobalSection
	GlobalSection(ProjectConfigurationPlatforms) = postSolution
		{EE9BEE35-00CC-48E3-BDE6-B9206F344602}.Debug|Any CPU.ActiveCfg = Debug|Any CPU
		{EE9BEE35-00CC-48E3-BDE6-B9206F344602}.Debug|Any CPU.Build.0 = Debug|Any CPU
		{EE9BEE35-00CC-48E3-BDE6-B9206F344602}.Release|Any CPU.ActiveCfg = Release|Any CPU
		{EE9BEE35-00CC-48E3-BDE6-B9206F344602}.Release|Any CPU.Build.0 = Release|Any CPU
	EndGlobalSection
	GlobalSection(SolutionProperties) = preSolution
		HideSolutionNode = FALSE
	EndGlobalSection
	GlobalSection(ExtensibilityGlobals) = postSolution
		SolutionGuid = {EA158705-8E53-43BD-A03E-E853C35E3F95}
	EndGlobalSection
EndGlobal
